
Microsoft Visual Studio Solution File, Format Version 12.00
# Visual Studio 15
VisualStudioVersion = 15.0.28307.421
MinimumVisualStudioVersion = 10.0.40219.1
Project("{FAE04EC0-301F-11D3-BF4B-00C04F79EFBC}") = "HH", "HH\HH.csproj", "{AE44B95F-B11B-49E8-8647-E248E0C4773E}"
EndProject
Global
	GlobalSection(SolutionConfigurationPlatforms) = preSolution
		Debug|Any CPU = Debug|Any CPU
		Release|Any CPU = Release|Any CPU
	EndGlobalSection
	GlobalSection(ProjectConfigurationPlatforms) = postSolution
		{AE44B95F-B11B-49E8-8647-E248E0C4773E}.Debug|Any CPU.ActiveCfg = Debug|Any CPU
		{AE44B95F-B11B-49E8-8647-E248E0C4773E}.Debug|Any CPU.Build.0 = Debug|Any CPU
		{AE44B95F-B11B-49E8-8647-E248E0C4773E}.Release|Any CPU.ActiveCfg = Release|Any CPU
		{AE44B95F-B11B-49E8-8647-E248E0C4773E}.Release|Any CPU.Build.0 = Release|Any CPU
	EndGlobalSection
	GlobalSection(SolutionProperties) = preSolution
		HideSolutionNode = FALSE
	EndGlobalSection
	GlobalSection(ExtensibilityGlobals) = postSolution
		SolutionGuid = {938AE934-0B73-469A-8C36-05C3CEA16795}
	EndGlobalSection
EndGlobal
